<?xml version="1.0" encoding="UTF-8" standalone="yes" ?>
<CodeBlocks_project_file>
	<FileVersion major="1" minor="6" />
	<Project>
		<Option title="irrRenderer" />
		<Option pch_mode="2" />
		<Option compiler="gcc" />
		<Build>
			<Target title="Release - SVN">
				<Option output="..\bin\libirrRenderer" prefix_auto="1" extension_auto="1" />
				<Option working_dir="" />
				<Option object_output=".obj\" />
				<Option type="2" />
				<Option compiler="gcc" />
				<Compiler>
					<Add option="-march=core2" />
					<Add option="-O2" />
					<Add directory="..\..\irrlicht-svn\include" />
				</Compiler>
				<Linker>
					<Add option="-s" />
					<Add library="..\..\irrlicht-svn\lib\Win32-gcc\libIrrlicht.a" />
				</Linker>
			</Target>
			<Target title="Debug - SVN">
				<Option output="..\bin\libirrRendererDebug" prefix_auto="1" extension_auto="1" />
				<Option working_dir="" />
				<Option object_output=".obj\" />
				<Option type="2" />
				<Option compiler="gcc" />
				<Compiler>
					<Add option="-g" />
					<Add directory="..\..\irrlicht-svn\include" />
				</Compiler>
				<Linker>
					<Add library="..\..\irrlicht-svn\lib\Win32-gcc\libIrrlicht.a" />
				</Linker>
			</Target>
		</Build>
		<Compiler>
			<Add option="-fexceptions" />
			<Add directory="..\include" />
		</Compiler>
		<Unit filename="..\bin\shaders\deferred_compose.frag" />
		<Unit filename="..\bin\shaders\deferred_compose.vert" />
		<Unit filename="..\bin\shaders\solid.frag" />
		<Unit filename="..\bin\shaders\solid.vert" />
		<Unit filename="..\bin\shaders\terrain.frag" />
		<Unit filename="..\bin\shaders\terrain.vert" />
		<Unit filename="..\include\CRenderer.h" />
		<Unit filename="..\include\CShaderLibrary.h" />
		<Unit filename="..\include\MaterialCallbacks.h" />
		<Unit filename="..\include\SMaterials.h" />
		<Unit filename="..\include\irrRenderer.h" />
		<Unit filename="CRenderer.cpp" />
		<Unit filename="CShaderLibrary.cpp" />
		<Unit filename="main.cpp" />
		<Extensions>
			<code_completion />
			<debugger />
		</Extensions>
	</Project>
</CodeBlocks_project_file>
