<?xml version="1.0" encoding="UTF-8" standalone="yes" ?>
<CodeBlocks_project_file>
	<FileVersion major="1" minor="6" />
	<Project>
		<Option title="irrRenderer" />
		<Option pch_mode="2" />
		<Option compiler="gcc" />
		<Build>
			<Target title="Release">
				<Option output="..\lib\irrRenderer" prefix_auto="0" extension_auto="1" />
				<Option working_dir="" />
				<Option object_output=".obj\" />
				<Option type="2" />
				<Option compiler="gcc" />
				<Compiler>
					<Add option="-O2" />
				</Compiler>
				<Linker>
					<Add option="-s" />
				</Linker>
			</Target>
			<Target title="Debug">
				<Option output="..\lib\debug\irrRenderer" prefix_auto="0" extension_auto="1" />
				<Option working_dir="" />
				<Option object_output=".obj\debug" />
				<Option type="2" />
				<Option compiler="gcc" />
				<Compiler>
					<Add option="-g" />
				</Compiler>
			</Target>
		</Build>
		<Compiler>
			<Add option="-fexceptions" />
			<Add directory="..\include" />
			<Add directory="$(#irrlicht.include)" />
		</Compiler>
		<Linker>
			<Add library="Irrlicht" />
			<Add directory="$(#irrlicht.lib)" />
		</Linker>
		<Unit filename="..\bin\shaders\deferred_compose.frag" />
		<Unit filename="..\bin\shaders\deferred_compose.vert" />
		<Unit filename="..\bin\shaders\light.vert" />
		<Unit filename="..\bin\shaders\light_ambient.frag" />
		<Unit filename="..\bin\shaders\light_directional.frag" />
		<Unit filename="..\bin\shaders\light_point.frag" />
		<Unit filename="..\bin\shaders\quad.vert" />
		<Unit filename="..\bin\shaders\solid.frag" />
		<Unit filename="..\bin\shaders\solid.vert" />
		<Unit filename="..\bin\shaders\terrain.frag" />
		<Unit filename="..\bin\shaders\terrain.vert" />
		<Unit filename="..\include\CRenderer.h" />
		<Unit filename="..\include\CShaderLibrary.h" />
		<Unit filename="..\include\ILightManagerCustom.h" />
		<Unit filename="..\include\IQuadSceneNode.h" />
		<Unit filename="..\include\MaterialCallbacks.h" />
		<Unit filename="..\include\SMaterials.h" />
		<Unit filename="..\include\irrRenderer.h" />
		<Unit filename="CRenderer.cpp" />
		<Unit filename="CShaderLibrary.cpp" />
		<Unit filename="ILightManagerCustom.cpp" />
		<Unit filename="IQuadSceneNode.cpp" />
		<Unit filename="irrRenderer.cpp" />
		<Extensions>
			<code_completion />
			<debugger />
		</Extensions>
	</Project>
</CodeBlocks_project_file>
