<?xml version="1.0" encoding="UTF-8" standalone="yes" ?>
<CodeBlocks_project_file>
	<FileVersion major="1" minor="6" />
	<Project>
		<Option title="irrRenderer" />
		<Option pch_mode="2" />
		<Option compiler="gcc" />
		<Build>
			<Target title="Release">
				<Option output="..\lib\win32-gcc\release\libirrRenderer" prefix_auto="0" extension_auto="1" />
				<Option working_dir="" />
				<Option object_output=".obj\" />
				<Option type="2" />
				<Option compiler="gcc" />
				<Option projectIncludeDirsRelation="2" />
				<Compiler>
					<Add option="-fexpensive-optimizations" />
					<Add option="-O3" />
					<Add directory="$(#irrlicht.include)" />
				</Compiler>
				<Linker>
					<Add option="-s" />
					<Add library="$(#irrlicht.lib)\libirrlicht.dll.a" />
				</Linker>
			</Target>
			<Target title="Debug">
				<Option output="..\lib\win32-gcc\debug\libirrRenderer" prefix_auto="0" extension_auto="1" />
				<Option working_dir="" />
				<Option object_output=".obj\debug" />
				<Option type="2" />
				<Option compiler="gcc" />
				<Option projectIncludeDirsRelation="2" />
				<Compiler>
					<Add option="-g" />
					<Add directory="$(#irrlicht.include)" />
				</Compiler>
				<Linker>
					<Add library="$(#irrlicht.lib)\libirrlicht.dll.a" />
				</Linker>
			</Target>
			<Target title="Debug-dll">
				<Option output="..\bin\irrRenderer" prefix_auto="0" extension_auto="1" />
				<Option working_dir="..\bin" />
				<Option object_output=".obj\debug" />
				<Option type="3" />
				<Option compiler="gcc" />
				<Option projectIncludeDirsRelation="2" />
				<Compiler>
					<Add option="-g" />
					<Add directory="$(#irrlicht.include)" />
				</Compiler>
				<Linker>
					<Add library="$(#irrlicht.lib)\libirrlicht.dll.a" />
				</Linker>
			</Target>
			<Target title="Release-dll">
				<Option output="..\bin\irrRenderer" prefix_auto="0" extension_auto="1" />
				<Option working_dir="..\bin" />
				<Option object_output=".obj\" />
				<Option type="3" />
				<Option compiler="gcc" />
				<Option projectIncludeDirsRelation="2" />
				<Compiler>
					<Add option="-fexpensive-optimizations" />
					<Add option="-O3" />
					<Add directory="$(#irrlicht.include)" />
				</Compiler>
				<Linker>
					<Add option="-s" />
					<Add library="$(#irrlicht.lib)\libirrlicht.dll.a" />
				</Linker>
			</Target>
			<Target title="Linux-Release">
				<Option output="..\lib\linux\release\libirrRenderer" prefix_auto="1" extension_auto="1" />
				<Option working_dir="" />
				<Option object_output=".obj\" />
				<Option type="2" />
				<Option compiler="gcc" />
				<Option createDefFile="1" />
				<Compiler>
					<Add option="-fexpensive-optimizations" />
					<Add option="-O3" />
					<Add directory="$(#irrlicht.include)" />
				</Compiler>
				<Linker>
					<Add option="-s" />
					<Add library="Irrlicht" />
					<Add library="GL" />
					<Add library="GLU" />
					<Add library="Xxf86vm" />
				</Linker>
			</Target>
			<Target title="Linux-Debug">
				<Option output="..\lib\linux\debug\libirrRenderer" prefix_auto="1" extension_auto="1" />
				<Option working_dir="" />
				<Option object_output=".obj\" />
				<Option type="2" />
				<Option compiler="gcc" />
				<Option createDefFile="1" />
				<Compiler>
					<Add option="-g" />
					<Add directory="$(#irrlicht.include)" />
				</Compiler>
				<Linker>
					<Add library="Irrlicht" />
					<Add library="GL" />
					<Add library="GLU" />
					<Add library="Xxf86vm" />
				</Linker>
			</Target>
		</Build>
		<Compiler>
			<Add option="-fexceptions" />
			<Add directory="..\include" />
		</Compiler>
		<Linker>
			<Add directory="$(#irrlicht.lib)" />
		</Linker>
		<Unit filename="..\bin\shaders\light.vert">
			<Option target="Release" />
			<Option target="Debug" />
			<Option target="Debug-dll" />
			<Option target="Release-dll" />
		</Unit>
		<Unit filename="..\bin\shaders\light_ambient.frag">
			<Option target="Release" />
			<Option target="Debug" />
			<Option target="Debug-dll" />
			<Option target="Release-dll" />
		</Unit>
		<Unit filename="..\bin\shaders\light_directional.frag">
			<Option target="Release" />
			<Option target="Debug" />
			<Option target="Debug-dll" />
			<Option target="Release-dll" />
		</Unit>
		<Unit filename="..\bin\shaders\light_point.frag">
			<Option target="Release" />
			<Option target="Debug" />
			<Option target="Debug-dll" />
			<Option target="Release-dll" />
		</Unit>
		<Unit filename="..\bin\shaders\light_spot.frag">
			<Option target="Release" />
			<Option target="Debug" />
			<Option target="Debug-dll" />
			<Option target="Release-dll" />
		</Unit>
		<Unit filename="..\bin\shaders\normalmap.frag">
			<Option target="Release" />
			<Option target="Debug" />
			<Option target="Debug-dll" />
			<Option target="Release-dll" />
		</Unit>
		<Unit filename="..\bin\shaders\normalmap.vert">
			<Option target="Release" />
			<Option target="Debug" />
			<Option target="Debug-dll" />
			<Option target="Release-dll" />
		</Unit>
		<Unit filename="..\bin\shaders\normalmap_animated.frag">
			<Option target="Release" />
			<Option target="Debug" />
			<Option target="Debug-dll" />
			<Option target="Release-dll" />
		</Unit>
		<Unit filename="..\bin\shaders\normalmap_animated.vert">
			<Option target="Release" />
			<Option target="Debug" />
			<Option target="Debug-dll" />
			<Option target="Release-dll" />
		</Unit>
		<Unit filename="..\bin\shaders\parallaxmap.frag">
			<Option target="Release" />
			<Option target="Debug" />
			<Option target="Debug-dll" />
			<Option target="Release-dll" />
		</Unit>
		<Unit filename="..\bin\shaders\parallaxmap.vert">
			<Option target="Release" />
			<Option target="Debug" />
			<Option target="Debug-dll" />
			<Option target="Release-dll" />
		</Unit>
		<Unit filename="..\bin\shaders\postprocess\antialias.frag">
			<Option target="Release" />
			<Option target="Debug" />
			<Option target="Debug-dll" />
			<Option target="Release-dll" />
		</Unit>
		<Unit filename="..\bin\shaders\postprocess\bloom.frag">
			<Option target="Release" />
			<Option target="Debug" />
			<Option target="Debug-dll" />
			<Option target="Release-dll" />
		</Unit>
		<Unit filename="..\bin\shaders\postprocess\bloom_fast.frag">
			<Option target="Release" />
			<Option target="Debug" />
			<Option target="Debug-dll" />
			<Option target="Release-dll" />
		</Unit>
		<Unit filename="..\bin\shaders\postprocess\coldcolors.frag">
			<Option target="Release" />
			<Option target="Debug" />
			<Option target="Debug-dll" />
			<Option target="Release-dll" />
		</Unit>
		<Unit filename="..\bin\shaders\postprocess\contrast.frag">
			<Option target="Release" />
			<Option target="Debug" />
			<Option target="Debug-dll" />
			<Option target="Release-dll" />
		</Unit>
		<Unit filename="..\bin\shaders\postprocess\dof.frag">
			<Option target="Release" />
			<Option target="Debug" />
			<Option target="Debug-dll" />
			<Option target="Release-dll" />
		</Unit>
		<Unit filename="..\bin\shaders\postprocess\tonemapping.frag">
			<Option target="Release" />
			<Option target="Debug" />
			<Option target="Debug-dll" />
			<Option target="Release-dll" />
		</Unit>
		<Unit filename="..\bin\shaders\postprocess\warmcolors.frag">
			<Option target="Release" />
			<Option target="Debug" />
			<Option target="Debug-dll" />
			<Option target="Release-dll" />
		</Unit>
		<Unit filename="..\bin\shaders\quad.vert">
			<Option target="Release" />
			<Option target="Debug" />
			<Option target="Debug-dll" />
			<Option target="Release-dll" />
		</Unit>
		<Unit filename="..\bin\shaders\solid.frag">
			<Option target="Release" />
			<Option target="Debug" />
			<Option target="Debug-dll" />
			<Option target="Release-dll" />
		</Unit>
		<Unit filename="..\bin\shaders\solid.vert">
			<Option target="Release" />
			<Option target="Debug" />
			<Option target="Debug-dll" />
			<Option target="Release-dll" />
		</Unit>
		<Unit filename="..\bin\shaders\terrain.frag">
			<Option target="Release" />
			<Option target="Debug" />
			<Option target="Debug-dll" />
			<Option target="Release-dll" />
		</Unit>
		<Unit filename="..\bin\shaders\terrain.vert">
			<Option target="Release" />
			<Option target="Debug" />
			<Option target="Debug-dll" />
			<Option target="Release-dll" />
		</Unit>
		<Unit filename="..\bin\shaders\transparent_alpha_ref.frag">
			<Option target="Release" />
			<Option target="Debug" />
			<Option target="Debug-dll" />
			<Option target="Release-dll" />
		</Unit>
		<Unit filename="..\bin\shaders\transparent_alpha_ref.vert">
			<Option target="Release" />
			<Option target="Debug" />
			<Option target="Debug-dll" />
			<Option target="Release-dll" />
		</Unit>
		<Unit filename="..\include\CMaterialSwapper.h" />
		<Unit filename="..\include\CPostProcessingEffect.h" />
		<Unit filename="..\include\CPostProcessingEffectChain.h" />
		<Unit filename="..\include\CRenderer.h" />
		<Unit filename="..\include\CShaderLibrary.h" />
		<Unit filename="..\include\E_POST_PROCESSING_EFFECT.h" />
		<Unit filename="..\include\ILightManagerCustom.h" />
		<Unit filename="..\include\IQuadSceneNode.h" />
		<Unit filename="..\include\IShaderDefaultCallback.h" />
		<Unit filename="..\include\IShaderDefaultPostProcessCallback.h" />
		<Unit filename="..\include\MaterialCallbacks.h" />
		<Unit filename="..\include\SMaterials.h" />
		<Unit filename="..\include\irrRenderer.h" />
		<Unit filename="CMaterialSwapper.cpp" />
		<Unit filename="CPostProcessingEffect.cpp" />
		<Unit filename="CPostProcessingEffectChain.cpp" />
		<Unit filename="CRenderer.cpp" />
		<Unit filename="CShaderLibrary.cpp" />
		<Unit filename="ILightManagerCustom.cpp" />
		<Unit filename="IQuadSceneNode.cpp" />
		<Unit filename="IShaderDefaultCallback.cpp" />
		<Unit filename="IShaderDefaultPostProcessCallback.cpp" />
		<Unit filename="irrRenderer.cpp" />
		<Extensions>
			<code_completion />
			<debugger />
		</Extensions>
	</Project>
</CodeBlocks_project_file>
